
Microsoft Visual Studio Solution File, Format Version 12.00
# Visual Studio Version 16
VisualStudioVersion = 16.0.31112.23
MinimumVisualStudioVersion = 10.0.40219.1
Project("{FAE04EC0-301F-11D3-BF4B-00C04F79EFBC}") = "WebApplication1", "WebApplication1\WebApplication1.csproj", "{40501605-5D7D-445C-BD06-F8BED02EE5D2}"
EndProject
Global
	GlobalSection(SolutionConfigurationPlatforms) = preSolution
		Debug|Any CPU = Debug|Any CPU
		Release|Any CPU = Release|Any CPU
	EndGlobalSection
	GlobalSection(ProjectConfigurationPlatforms) = postSolution
		{40501605-5D7D-445C-BD06-F8BED02EE5D2}.Debug|Any CPU.ActiveCfg = Debug|Any CPU
		{40501605-5D7D-445C-BD06-F8BED02EE5D2}.Debug|Any CPU.Build.0 = Debug|Any CPU
		{40501605-5D7D-445C-BD06-F8BED02EE5D2}.Release|Any CPU.ActiveCfg = Release|Any CPU
		{40501605-5D7D-445C-BD06-F8BED02EE5D2}.Release|Any CPU.Build.0 = Release|Any CPU
	EndGlobalSection
	GlobalSection(SolutionProperties) = preSolution
		HideSolutionNode = FALSE
	EndGlobalSection
	GlobalSection(ExtensibilityGlobals) = postSolution
		SolutionGuid = {150CFF5E-5770-4274-BA4F-E48497A84B18}
	EndGlobalSection
EndGlobal
